
Microsoft Visual Studio Solution File, Format Version 12.00
# Visual Studio Version 16
VisualStudioVersion = 16.0.29806.167
MinimumVisualStudioVersion = 10.0.40219.1
Project("{FAE04EC0-301F-11D3-BF4B-00C04F79EFBC}") = "BethanysPieShopHrm.Server", "02_First_Blazor_Application\BethanysPieShopHrm.Server\BethanysPieShopHrm.Server.csproj", "{6F02F86B-73A8-4E6E-84C2-ACB7B9EDEE8B}"
EndProject
Project("{9A19103F-16F7-4668-BE54-9A1E7A4F7556}") = "BethanysPieShopHRM.Shared", "02_First_Blazor_Application\BethanysPieShopHRM.Shared\BethanysPieShopHRM.Shared.csproj", "{7F43137F-C268-40F9-826B-585B5E9B82AB}"
EndProject
Global
	GlobalSection(SolutionConfigurationPlatforms) = preSolution
		Debug|Any CPU = Debug|Any CPU
		Release|Any CPU = Release|Any CPU
	EndGlobalSection
	GlobalSection(ProjectConfigurationPlatforms) = postSolution
		{6F02F86B-73A8-4E6E-84C2-ACB7B9EDEE8B}.Debug|Any CPU.ActiveCfg = Debug|Any CPU
		{6F02F86B-73A8-4E6E-84C2-ACB7B9EDEE8B}.Debug|Any CPU.Build.0 = Debug|Any CPU
		{6F02F86B-73A8-4E6E-84C2-ACB7B9EDEE8B}.Release|Any CPU.ActiveCfg = Release|Any CPU
		{6F02F86B-73A8-4E6E-84C2-ACB7B9EDEE8B}.Release|Any CPU.Build.0 = Release|Any CPU
		{7F43137F-C268-40F9-826B-585B5E9B82AB}.Debug|Any CPU.ActiveCfg = Debug|Any CPU
		{7F43137F-C268-40F9-826B-585B5E9B82AB}.Debug|Any CPU.Build.0 = Debug|Any CPU
		{7F43137F-C268-40F9-826B-585B5E9B82AB}.Release|Any CPU.ActiveCfg = Release|Any CPU
		{7F43137F-C268-40F9-826B-585B5E9B82AB}.Release|Any CPU.Build.0 = Release|Any CPU
	EndGlobalSection
	GlobalSection(SolutionProperties) = preSolution
		HideSolutionNode = FALSE
	EndGlobalSection
	GlobalSection(ExtensibilityGlobals) = postSolution
		SolutionGuid = {A4AFB534-7821-485D-B60E-D73CB5D824E1}
	EndGlobalSection
EndGlobal
