
Microsoft Visual Studio Solution File, Format Version 12.00
# Visual Studio Version 16
VisualStudioVersion = 16.0.29806.167
MinimumVisualStudioVersion = 10.0.40219.1
Project("{9A19103F-16F7-4668-BE54-9A1E7A4F7556}") = "BethanysPieShopHRM.Shared", "03_Working_with_Data\BethanysPieShopHRM.Shared\BethanysPieShopHRM.Shared.csproj", "{B268EC21-10FD-4AFB-AC17-3791E9C3DB3A}"
EndProject
Project("{9A19103F-16F7-4668-BE54-9A1E7A4F7556}") = "BethanysPieShopHrm.Server", "03_Working_with_Data\BethanysPieShopHrm.Server\BethanysPieShopHrm.Server.csproj", "{B5BC3677-77C1-484A-AC60-837AE5040082}"
EndProject
Project("{9A19103F-16F7-4668-BE54-9A1E7A4F7556}") = "BethanysPieShopHRM.Api", "03_Working_with_Data\BethanysPieShopHRM.Api\BethanysPieShopHRM.Api.csproj", "{EB747486-17FA-42A2-B7AD-D57A9F002D8D}"
EndProject
Global
	GlobalSection(SolutionConfigurationPlatforms) = preSolution
		Debug|Any CPU = Debug|Any CPU
		Release|Any CPU = Release|Any CPU
	EndGlobalSection
	GlobalSection(ProjectConfigurationPlatforms) = postSolution
		{B268EC21-10FD-4AFB-AC17-3791E9C3DB3A}.Debug|Any CPU.ActiveCfg = Debug|Any CPU
		{B268EC21-10FD-4AFB-AC17-3791E9C3DB3A}.Debug|Any CPU.Build.0 = Debug|Any CPU
		{B268EC21-10FD-4AFB-AC17-3791E9C3DB3A}.Release|Any CPU.ActiveCfg = Release|Any CPU
		{B268EC21-10FD-4AFB-AC17-3791E9C3DB3A}.Release|Any CPU.Build.0 = Release|Any CPU
		{B5BC3677-77C1-484A-AC60-837AE5040082}.Debug|Any CPU.ActiveCfg = Debug|Any CPU
		{B5BC3677-77C1-484A-AC60-837AE5040082}.Debug|Any CPU.Build.0 = Debug|Any CPU
		{B5BC3677-77C1-484A-AC60-837AE5040082}.Release|Any CPU.ActiveCfg = Release|Any CPU
		{B5BC3677-77C1-484A-AC60-837AE5040082}.Release|Any CPU.Build.0 = Release|Any CPU
		{EB747486-17FA-42A2-B7AD-D57A9F002D8D}.Debug|Any CPU.ActiveCfg = Debug|Any CPU
		{EB747486-17FA-42A2-B7AD-D57A9F002D8D}.Debug|Any CPU.Build.0 = Debug|Any CPU
		{EB747486-17FA-42A2-B7AD-D57A9F002D8D}.Release|Any CPU.ActiveCfg = Release|Any CPU
		{EB747486-17FA-42A2-B7AD-D57A9F002D8D}.Release|Any CPU.Build.0 = Release|Any CPU
	EndGlobalSection
	GlobalSection(SolutionProperties) = preSolution
		HideSolutionNode = FALSE
	EndGlobalSection
	GlobalSection(ExtensibilityGlobals) = postSolution
		SolutionGuid = {4EDB9CD7-F074-4921-B1A2-87E9F4E85FBE}
	EndGlobalSection
EndGlobal
